
Microsoft Visual Studio Solution File, Format Version 12.00
# Visual Studio Version 17
VisualStudioVersion = 17.7.34031.279
MinimumVisualStudioVersion = 10.0.40219.1
Project("{FAE04EC0-301F-11D3-BF4B-00C04F79EFBC}") = "WebClienteProductos", "WebClienteProductos\WebClienteProductos.csproj", "{9328ADAD-F460-4B16-B7C2-6CE340C66B85}"
EndProject
Global
	GlobalSection(SolutionConfigurationPlatforms) = preSolution
		Debug|Any CPU = Debug|Any CPU
		Release|Any CPU = Release|Any CPU
	EndGlobalSection
	GlobalSection(ProjectConfigurationPlatforms) = postSolution
		{9328ADAD-F460-4B16-B7C2-6CE340C66B85}.Debug|Any CPU.ActiveCfg = Debug|Any CPU
		{9328ADAD-F460-4B16-B7C2-6CE340C66B85}.Debug|Any CPU.Build.0 = Debug|Any CPU
		{9328ADAD-F460-4B16-B7C2-6CE340C66B85}.Release|Any CPU.ActiveCfg = Release|Any CPU
		{9328ADAD-F460-4B16-B7C2-6CE340C66B85}.Release|Any CPU.Build.0 = Release|Any CPU
	EndGlobalSection
	GlobalSection(SolutionProperties) = preSolution
		HideSolutionNode = FALSE
	EndGlobalSection
	GlobalSection(ExtensibilityGlobals) = postSolution
		SolutionGuid = {357ED2AE-6D95-44E9-BDF8-F2C09E1EC901}
	EndGlobalSection
EndGlobal
